
Microsoft Visual Studio Solution File, Format Version 12.00
# Visual Studio Version 17
VisualStudioVersion = 17.5.33424.131
MinimumVisualStudioVersion = 10.0.40219.1
Project("{2150E333-8FDC-42A3-9474-1A3956D46DE8}") = "src", "src", "{A67DD017-E2AB-4091-8FAA-3450DC59C0F2}"
EndProject
Project("{2150E333-8FDC-42A3-9474-1A3956D46DE8}") = "tests", "tests", "{0560C672-E583-417E-A1B9-B6D2774B99FB}"
EndProject
Project("{2150E333-8FDC-42A3-9474-1A3956D46DE8}") = "Backend", "Backend", "{FBA7395B-8DB1-4506-84ED-3E21D8B3F54A}"
EndProject
Project("{2150E333-8FDC-42A3-9474-1A3956D46DE8}") = "Shared", "Shared", "{78850BAA-F018-4833-8AC8-86AC48D68E2D}"
EndProject
Project("{9A19103F-16F7-4668-BE54-9A1E7A4F7556}") = "LivroDeReceitas.Comunicacao", "src\Shared\LivroDeReceitas.Comunicacao\LivroDeReceitas.Comunicacao.csproj", "{0FC4782A-F3D8-4CC0-9167-2C24E001384B}"
EndProject
Project("{9A19103F-16F7-4668-BE54-9A1E7A4F7556}") = "LivroDeReceitas.Exceptions", "src\Shared\Exceptions\LivroDeReceitas.Exceptions.csproj", "{AD581608-B335-4625-BC40-66322FA9A18F}"
EndProject
Project("{9A19103F-16F7-4668-BE54-9A1E7A4F7556}") = "LivroDeReceitas.Api", "src\Backend\LivroDeReceitas.Api\LivroDeReceitas.Api.csproj", "{1E9E372F-F911-4823-A09C-C599BF5BD975}"
	ProjectSection(ProjectDependencies) = postProject
		{0FC4782A-F3D8-4CC0-9167-2C24E001384B} = {0FC4782A-F3D8-4CC0-9167-2C24E001384B}
		{94A1F4A7-1FAF-4E11-ABB2-B6B0A3FB8722} = {94A1F4A7-1FAF-4E11-ABB2-B6B0A3FB8722}
		{AD581608-B335-4625-BC40-66322FA9A18F} = {AD581608-B335-4625-BC40-66322FA9A18F}
	EndProjectSection
EndProject
Project("{9A19103F-16F7-4668-BE54-9A1E7A4F7556}") = "LivroDeReceitas.Application", "src\Backend\LivroDeReceitas.Application\LivroDeReceitas.Application.csproj", "{94A1F4A7-1FAF-4E11-ABB2-B6B0A3FB8722}"
	ProjectSection(ProjectDependencies) = postProject
		{C79B775B-F4AF-456D-A16F-ABD9C0B8E188} = {C79B775B-F4AF-456D-A16F-ABD9C0B8E188}
	EndProjectSection
EndProject
Project("{9A19103F-16F7-4668-BE54-9A1E7A4F7556}") = "LivroDeReceitas.Domain", "src\Backend\LivroDeReceitas.Domain\LivroDeReceitas.Domain.csproj", "{C79B775B-F4AF-456D-A16F-ABD9C0B8E188}"
EndProject
Project("{9A19103F-16F7-4668-BE54-9A1E7A4F7556}") = "LivroDeReceitas.Infrastructure", "src\Backend\LivroDeReceitas.Infrastructure\LivroDeReceitas.Infrastructure.csproj", "{E070DFEE-D221-43B5-85BB-0CE382FAB293}"
	ProjectSection(ProjectDependencies) = postProject
		{C79B775B-F4AF-456D-A16F-ABD9C0B8E188} = {C79B775B-F4AF-456D-A16F-ABD9C0B8E188}
	EndProjectSection
EndProject
Project("{9A19103F-16F7-4668-BE54-9A1E7A4F7556}") = "Validators.Test", "tests\Validators.Test\Validators.Test.csproj", "{85F1A19D-5CCF-43B4-904B-A6F60EE81609}"
EndProject
Project("{9A19103F-16F7-4668-BE54-9A1E7A4F7556}") = "UseCases.Test", "tests\UseCases.Test\UseCases.Test.csproj", "{B01787BE-03A5-4658-AF92-BDD5F14C0CE6}"
EndProject
Project("{9A19103F-16F7-4668-BE54-9A1E7A4F7556}") = "WebApi.Test", "tests\WebApi.Test\WebApi.Test.csproj", "{F12BF472-A8D6-40AF-B9F3-A853F4524723}"
EndProject
Global
	GlobalSection(SolutionConfigurationPlatforms) = preSolution
		Debug|Any CPU = Debug|Any CPU
		Release|Any CPU = Release|Any CPU
	EndGlobalSection
	GlobalSection(ProjectConfigurationPlatforms) = postSolution
		{0FC4782A-F3D8-4CC0-9167-2C24E001384B}.Debug|Any CPU.ActiveCfg = Debug|Any CPU
		{0FC4782A-F3D8-4CC0-9167-2C24E001384B}.Debug|Any CPU.Build.0 = Debug|Any CPU
		{0FC4782A-F3D8-4CC0-9167-2C24E001384B}.Release|Any CPU.ActiveCfg = Release|Any CPU
		{0FC4782A-F3D8-4CC0-9167-2C24E001384B}.Release|Any CPU.Build.0 = Release|Any CPU
		{AD581608-B335-4625-BC40-66322FA9A18F}.Debug|Any CPU.ActiveCfg = Debug|Any CPU
		{AD581608-B335-4625-BC40-66322FA9A18F}.Debug|Any CPU.Build.0 = Debug|Any CPU
		{AD581608-B335-4625-BC40-66322FA9A18F}.Release|Any CPU.ActiveCfg = Release|Any CPU
		{AD581608-B335-4625-BC40-66322FA9A18F}.Release|Any CPU.Build.0 = Release|Any CPU
		{1E9E372F-F911-4823-A09C-C599BF5BD975}.Debug|Any CPU.ActiveCfg = Debug|Any CPU
		{1E9E372F-F911-4823-A09C-C599BF5BD975}.Debug|Any CPU.Build.0 = Debug|Any CPU
		{1E9E372F-F911-4823-A09C-C599BF5BD975}.Release|Any CPU.ActiveCfg = Release|Any CPU
		{1E9E372F-F911-4823-A09C-C599BF5BD975}.Release|Any CPU.Build.0 = Release|Any CPU
		{94A1F4A7-1FAF-4E11-ABB2-B6B0A3FB8722}.Debug|Any CPU.ActiveCfg = Debug|Any CPU
		{94A1F4A7-1FAF-4E11-ABB2-B6B0A3FB8722}.Debug|Any CPU.Build.0 = Debug|Any CPU
		{94A1F4A7-1FAF-4E11-ABB2-B6B0A3FB8722}.Release|Any CPU.ActiveCfg = Release|Any CPU
		{94A1F4A7-1FAF-4E11-ABB2-B6B0A3FB8722}.Release|Any CPU.Build.0 = Release|Any CPU
		{C79B775B-F4AF-456D-A16F-ABD9C0B8E188}.Debug|Any CPU.ActiveCfg = Debug|Any CPU
		{C79B775B-F4AF-456D-A16F-ABD9C0B8E188}.Debug|Any CPU.Build.0 = Debug|Any CPU
		{C79B775B-F4AF-456D-A16F-ABD9C0B8E188}.Release|Any CPU.ActiveCfg = Release|Any CPU
		{C79B775B-F4AF-456D-A16F-ABD9C0B8E188}.Release|Any CPU.Build.0 = Release|Any CPU
		{E070DFEE-D221-43B5-85BB-0CE382FAB293}.Debug|Any CPU.ActiveCfg = Debug|Any CPU
		{E070DFEE-D221-43B5-85BB-0CE382FAB293}.Debug|Any CPU.Build.0 = Debug|Any CPU
		{E070DFEE-D221-43B5-85BB-0CE382FAB293}.Release|Any CPU.ActiveCfg = Release|Any CPU
		{E070DFEE-D221-43B5-85BB-0CE382FAB293}.Release|Any CPU.Build.0 = Release|Any CPU
		{85F1A19D-5CCF-43B4-904B-A6F60EE81609}.Debug|Any CPU.ActiveCfg = Debug|Any CPU
		{85F1A19D-5CCF-43B4-904B-A6F60EE81609}.Debug|Any CPU.Build.0 = Debug|Any CPU
		{85F1A19D-5CCF-43B4-904B-A6F60EE81609}.Release|Any CPU.ActiveCfg = Release|Any CPU
		{85F1A19D-5CCF-43B4-904B-A6F60EE81609}.Release|Any CPU.Build.0 = Release|Any CPU
		{B01787BE-03A5-4658-AF92-BDD5F14C0CE6}.Debug|Any CPU.ActiveCfg = Debug|Any CPU
		{B01787BE-03A5-4658-AF92-BDD5F14C0CE6}.Debug|Any CPU.Build.0 = Debug|Any CPU
		{B01787BE-03A5-4658-AF92-BDD5F14C0CE6}.Release|Any CPU.ActiveCfg = Release|Any CPU
		{B01787BE-03A5-4658-AF92-BDD5F14C0CE6}.Release|Any CPU.Build.0 = Release|Any CPU
		{F12BF472-A8D6-40AF-B9F3-A853F4524723}.Debug|Any CPU.ActiveCfg = Debug|Any CPU
		{F12BF472-A8D6-40AF-B9F3-A853F4524723}.Debug|Any CPU.Build.0 = Debug|Any CPU
		{F12BF472-A8D6-40AF-B9F3-A853F4524723}.Release|Any CPU.ActiveCfg = Release|Any CPU
		{F12BF472-A8D6-40AF-B9F3-A853F4524723}.Release|Any CPU.Build.0 = Release|Any CPU
	EndGlobalSection
	GlobalSection(SolutionProperties) = preSolution
		HideSolutionNode = FALSE
	EndGlobalSection
	GlobalSection(NestedProjects) = preSolution
		{FBA7395B-8DB1-4506-84ED-3E21D8B3F54A} = {A67DD017-E2AB-4091-8FAA-3450DC59C0F2}
		{78850BAA-F018-4833-8AC8-86AC48D68E2D} = {A67DD017-E2AB-4091-8FAA-3450DC59C0F2}
		{0FC4782A-F3D8-4CC0-9167-2C24E001384B} = {78850BAA-F018-4833-8AC8-86AC48D68E2D}
		{AD581608-B335-4625-BC40-66322FA9A18F} = {78850BAA-F018-4833-8AC8-86AC48D68E2D}
		{1E9E372F-F911-4823-A09C-C599BF5BD975} = {FBA7395B-8DB1-4506-84ED-3E21D8B3F54A}
		{94A1F4A7-1FAF-4E11-ABB2-B6B0A3FB8722} = {FBA7395B-8DB1-4506-84ED-3E21D8B3F54A}
		{C79B775B-F4AF-456D-A16F-ABD9C0B8E188} = {FBA7395B-8DB1-4506-84ED-3E21D8B3F54A}
		{E070DFEE-D221-43B5-85BB-0CE382FAB293} = {FBA7395B-8DB1-4506-84ED-3E21D8B3F54A}
		{85F1A19D-5CCF-43B4-904B-A6F60EE81609} = {0560C672-E583-417E-A1B9-B6D2774B99FB}
		{B01787BE-03A5-4658-AF92-BDD5F14C0CE6} = {0560C672-E583-417E-A1B9-B6D2774B99FB}
		{F12BF472-A8D6-40AF-B9F3-A853F4524723} = {0560C672-E583-417E-A1B9-B6D2774B99FB}
	EndGlobalSection
	GlobalSection(ExtensibilityGlobals) = postSolution
		SolutionGuid = {499A507A-1520-4514-B488-942D19F5F683}
	EndGlobalSection
EndGlobal
